
Microsoft Visual Studio Solution File, Format Version 12.00
# Visual Studio Version 17
VisualStudioVersion = 17.10.34928.147
MinimumVisualStudioVersion = 10.0.40219.1
Project("{FAE04EC0-301F-11D3-BF4B-00C04F79EFBC}") = "Named Parameter", "Named Parameter.csproj", "{14D8CF9C-7C6A-4EAF-B56C-D591D9AF9006}"
EndProject
Global
	GlobalSection(SolutionConfigurationPlatforms) = preSolution
		Debug|Any CPU = Debug|Any CPU
		Release|Any CPU = Release|Any CPU
	EndGlobalSection
	GlobalSection(ProjectConfigurationPlatforms) = postSolution
		{14D8CF9C-7C6A-4EAF-B56C-D591D9AF9006}.Debug|Any CPU.ActiveCfg = Debug|Any CPU
		{14D8CF9C-7C6A-4EAF-B56C-D591D9AF9006}.Debug|Any CPU.Build.0 = Debug|Any CPU
		{14D8CF9C-7C6A-4EAF-B56C-D591D9AF9006}.Release|Any CPU.ActiveCfg = Release|Any CPU
		{14D8CF9C-7C6A-4EAF-B56C-D591D9AF9006}.Release|Any CPU.Build.0 = Release|Any CPU
	EndGlobalSection
	GlobalSection(SolutionProperties) = preSolution
		HideSolutionNode = FALSE
	EndGlobalSection
	GlobalSection(ExtensibilityGlobals) = postSolution
		SolutionGuid = {00A166CB-939A-4061-B065-313A86D99096}
	EndGlobalSection
EndGlobal
